
Microsoft Visual Studio Solution File, Format Version 12.00
# Visual Studio 15
VisualStudioVersion = 15.0.27130.2026
MinimumVisualStudioVersion = 10.0.40219.1
Project("{FAE04EC0-301F-11D3-BF4B-00C04F79EFBC}") = "i2csp", "i2csp\i2csp.csproj", "{25CB7F92-F0FA-41B2-B7B4-6AEA99E236E8}"
EndProject
Global
	GlobalSection(SolutionConfigurationPlatforms) = preSolution
		Debug|Any CPU = Debug|Any CPU
		Release|Any CPU = Release|Any CPU
	EndGlobalSection
	GlobalSection(ProjectConfigurationPlatforms) = postSolution
		{25CB7F92-F0FA-41B2-B7B4-6AEA99E236E8}.Debug|Any CPU.ActiveCfg = Debug|Any CPU
		{25CB7F92-F0FA-41B2-B7B4-6AEA99E236E8}.Debug|Any CPU.Build.0 = Debug|Any CPU
		{25CB7F92-F0FA-41B2-B7B4-6AEA99E236E8}.Release|Any CPU.ActiveCfg = Release|Any CPU
		{25CB7F92-F0FA-41B2-B7B4-6AEA99E236E8}.Release|Any CPU.Build.0 = Release|Any CPU
	EndGlobalSection
	GlobalSection(SolutionProperties) = preSolution
		HideSolutionNode = FALSE
	EndGlobalSection
	GlobalSection(ExtensibilityGlobals) = postSolution
		SolutionGuid = {FBD004A7-D52C-4D31-A0D7-6309E5E521F5}
	EndGlobalSection
EndGlobal
